
Microsoft Visual Studio Solution File, Format Version 12.00
# Visual Studio 2013
VisualStudioVersion = 12.0.21005.1
MinimumVisualStudioVersion = 10.0.40219.1
Project("{2150E333-8FDC-42A3-9474-1A3956D46DE8}") = "Client", "Client", "{ACAC299A-DCE4-4E0C-B8BC-C4B0953DAEE2}"
EndProject
Project("{2150E333-8FDC-42A3-9474-1A3956D46DE8}") = ".nuget", ".nuget", "{33B332CE-011A-4E8A-8C8D-5CBF547C248D}"
	ProjectSection(SolutionItems) = preProject
		.nuget\NuGet.Config = .nuget\NuGet.Config
		.nuget\NuGet.exe = .nuget\NuGet.exe
		.nuget\NuGet.targets = .nuget\NuGet.targets
	EndProjectSection
EndProject
Project("{FAE04EC0-301F-11D3-BF4B-00C04F79EFBC}") = "SMEasy", "ContactsManager\SMEasy.csproj", "{8764C29D-D747-4053-9778-E8DE7AE214D8}"
EndProject
Project("{2150E333-8FDC-42A3-9474-1A3956D46DE8}") = "3.Data", "3.Data", "{F50F076E-2687-4EE4-8D52-E7E1A691E77D}"
EndProject
Project("{FAE04EC0-301F-11D3-BF4B-00C04F79EFBC}") = "SMEasy.Data", "SMEasy.Data\SMEasy.Data.csproj", "{D60667B6-C50F-4EB3-BF6B-6AEE3A7E0E61}"
EndProject
Project("{2150E333-8FDC-42A3-9474-1A3956D46DE8}") = "1.Common", "1.Common", "{732CD9AB-7845-43EE-B66F-4EF62906BF97}"
EndProject
Project("{FAE04EC0-301F-11D3-BF4B-00C04F79EFBC}") = "SMEasy.Resource", "SMEasy.Resource\SMEasy.Resource.csproj", "{A94BEC74-6EE7-4BBE-8C5F-804503595F53}"
EndProject
Project("{2150E333-8FDC-42A3-9474-1A3956D46DE8}") = "2.Domain", "2.Domain", "{732F6511-A35D-4E4C-8F31-68BAFBB33802}"
EndProject
Project("{FAE04EC0-301F-11D3-BF4B-00C04F79EFBC}") = "SMEasy.Domain", "SMEasy.Domain\SMEasy.Domain.csproj", "{74BB5586-0C99-46F8-ABD4-ADF4BA4E8330}"
EndProject
Project("{2150E333-8FDC-42A3-9474-1A3956D46DE8}") = "4.ViewModel", "4.ViewModel", "{91B80A12-C869-4A94-BDB4-8EC7F18EA828}"
EndProject
Project("{FAE04EC0-301F-11D3-BF4B-00C04F79EFBC}") = "SMEasy.Common", "SMEasy.Common\SMEasy.Common.csproj", "{74716F38-7774-4489-90E2-86ADED75B348}"
EndProject
Project("{2150E333-8FDC-42A3-9474-1A3956D46DE8}") = "5.WebApi", "5.WebApi", "{1696442B-24A5-4D7C-9098-28D53DC9A1F0}"
EndProject
Project("{FAE04EC0-301F-11D3-BF4B-00C04F79EFBC}") = "SMEasy.WebApi", "SMEasy.WebApi\SMEasy.WebApi\SMEasy.WebApi.csproj", "{17C03D50-3346-4065-8AC9-8BBDDDE70B12}"
EndProject
Project("{FAE04EC0-301F-11D3-BF4B-00C04F79EFBC}") = "SMEasy.ViewModel", "SMEasy.ViewModel\SMEasy.ViewModel.csproj", "{9B74CE70-5AC2-435A-8DA9-5876D64660CA}"
EndProject
Global
	GlobalSection(SolutionConfigurationPlatforms) = preSolution
		Debug + CA|Any CPU = Debug + CA|Any CPU
		Debug|Any CPU = Debug|Any CPU
		Release|Any CPU = Release|Any CPU
	EndGlobalSection
	GlobalSection(ProjectConfigurationPlatforms) = postSolution
		{8764C29D-D747-4053-9778-E8DE7AE214D8}.Debug + CA|Any CPU.ActiveCfg = Debug + CA|Any CPU
		{8764C29D-D747-4053-9778-E8DE7AE214D8}.Debug + CA|Any CPU.Build.0 = Debug + CA|Any CPU
		{8764C29D-D747-4053-9778-E8DE7AE214D8}.Debug|Any CPU.ActiveCfg = Debug|Any CPU
		{8764C29D-D747-4053-9778-E8DE7AE214D8}.Debug|Any CPU.Build.0 = Debug|Any CPU
		{8764C29D-D747-4053-9778-E8DE7AE214D8}.Release|Any CPU.ActiveCfg = Release|Any CPU
		{8764C29D-D747-4053-9778-E8DE7AE214D8}.Release|Any CPU.Build.0 = Release|Any CPU
		{D60667B6-C50F-4EB3-BF6B-6AEE3A7E0E61}.Debug + CA|Any CPU.ActiveCfg = Debug + CA|Any CPU
		{D60667B6-C50F-4EB3-BF6B-6AEE3A7E0E61}.Debug + CA|Any CPU.Build.0 = Debug + CA|Any CPU
		{D60667B6-C50F-4EB3-BF6B-6AEE3A7E0E61}.Debug|Any CPU.ActiveCfg = Debug|Any CPU
		{D60667B6-C50F-4EB3-BF6B-6AEE3A7E0E61}.Debug|Any CPU.Build.0 = Debug|Any CPU
		{D60667B6-C50F-4EB3-BF6B-6AEE3A7E0E61}.Release|Any CPU.ActiveCfg = Release|Any CPU
		{D60667B6-C50F-4EB3-BF6B-6AEE3A7E0E61}.Release|Any CPU.Build.0 = Release|Any CPU
		{A94BEC74-6EE7-4BBE-8C5F-804503595F53}.Debug + CA|Any CPU.ActiveCfg = Debug + CA|Any CPU
		{A94BEC74-6EE7-4BBE-8C5F-804503595F53}.Debug + CA|Any CPU.Build.0 = Debug + CA|Any CPU
		{A94BEC74-6EE7-4BBE-8C5F-804503595F53}.Debug|Any CPU.ActiveCfg = Debug|Any CPU
		{A94BEC74-6EE7-4BBE-8C5F-804503595F53}.Debug|Any CPU.Build.0 = Debug|Any CPU
		{A94BEC74-6EE7-4BBE-8C5F-804503595F53}.Release|Any CPU.ActiveCfg = Release|Any CPU
		{A94BEC74-6EE7-4BBE-8C5F-804503595F53}.Release|Any CPU.Build.0 = Release|Any CPU
		{74BB5586-0C99-46F8-ABD4-ADF4BA4E8330}.Debug + CA|Any CPU.ActiveCfg = Debug + CA|Any CPU
		{74BB5586-0C99-46F8-ABD4-ADF4BA4E8330}.Debug + CA|Any CPU.Build.0 = Debug + CA|Any CPU
		{74BB5586-0C99-46F8-ABD4-ADF4BA4E8330}.Debug|Any CPU.ActiveCfg = Debug|Any CPU
		{74BB5586-0C99-46F8-ABD4-ADF4BA4E8330}.Debug|Any CPU.Build.0 = Debug|Any CPU
		{74BB5586-0C99-46F8-ABD4-ADF4BA4E8330}.Release|Any CPU.ActiveCfg = Release|Any CPU
		{74BB5586-0C99-46F8-ABD4-ADF4BA4E8330}.Release|Any CPU.Build.0 = Release|Any CPU
		{74716F38-7774-4489-90E2-86ADED75B348}.Debug + CA|Any CPU.ActiveCfg = Debug + CA|Any CPU
		{74716F38-7774-4489-90E2-86ADED75B348}.Debug + CA|Any CPU.Build.0 = Debug + CA|Any CPU
		{74716F38-7774-4489-90E2-86ADED75B348}.Debug|Any CPU.ActiveCfg = Debug|Any CPU
		{74716F38-7774-4489-90E2-86ADED75B348}.Debug|Any CPU.Build.0 = Debug|Any CPU
		{74716F38-7774-4489-90E2-86ADED75B348}.Release|Any CPU.ActiveCfg = Release|Any CPU
		{74716F38-7774-4489-90E2-86ADED75B348}.Release|Any CPU.Build.0 = Release|Any CPU
		{17C03D50-3346-4065-8AC9-8BBDDDE70B12}.Debug + CA|Any CPU.ActiveCfg = Debug + CA|Any CPU
		{17C03D50-3346-4065-8AC9-8BBDDDE70B12}.Debug + CA|Any CPU.Build.0 = Debug + CA|Any CPU
		{17C03D50-3346-4065-8AC9-8BBDDDE70B12}.Debug|Any CPU.ActiveCfg = Debug|Any CPU
		{17C03D50-3346-4065-8AC9-8BBDDDE70B12}.Debug|Any CPU.Build.0 = Debug|Any CPU
		{17C03D50-3346-4065-8AC9-8BBDDDE70B12}.Release|Any CPU.ActiveCfg = Release|Any CPU
		{17C03D50-3346-4065-8AC9-8BBDDDE70B12}.Release|Any CPU.Build.0 = Release|Any CPU
		{9B74CE70-5AC2-435A-8DA9-5876D64660CA}.Debug + CA|Any CPU.ActiveCfg = Debug|Any CPU
		{9B74CE70-5AC2-435A-8DA9-5876D64660CA}.Debug + CA|Any CPU.Build.0 = Debug|Any CPU
		{9B74CE70-5AC2-435A-8DA9-5876D64660CA}.Debug|Any CPU.ActiveCfg = Debug|Any CPU
		{9B74CE70-5AC2-435A-8DA9-5876D64660CA}.Debug|Any CPU.Build.0 = Debug|Any CPU
		{9B74CE70-5AC2-435A-8DA9-5876D64660CA}.Release|Any CPU.ActiveCfg = Release|Any CPU
		{9B74CE70-5AC2-435A-8DA9-5876D64660CA}.Release|Any CPU.Build.0 = Release|Any CPU
	EndGlobalSection
	GlobalSection(SolutionProperties) = preSolution
		HideSolutionNode = FALSE
	EndGlobalSection
	GlobalSection(NestedProjects) = preSolution
		{8764C29D-D747-4053-9778-E8DE7AE214D8} = {ACAC299A-DCE4-4E0C-B8BC-C4B0953DAEE2}
		{D60667B6-C50F-4EB3-BF6B-6AEE3A7E0E61} = {F50F076E-2687-4EE4-8D52-E7E1A691E77D}
		{A94BEC74-6EE7-4BBE-8C5F-804503595F53} = {732CD9AB-7845-43EE-B66F-4EF62906BF97}
		{74716F38-7774-4489-90E2-86ADED75B348} = {732CD9AB-7845-43EE-B66F-4EF62906BF97}
		{74BB5586-0C99-46F8-ABD4-ADF4BA4E8330} = {732F6511-A35D-4E4C-8F31-68BAFBB33802}
		{9B74CE70-5AC2-435A-8DA9-5876D64660CA} = {91B80A12-C869-4A94-BDB4-8EC7F18EA828}
		{17C03D50-3346-4065-8AC9-8BBDDDE70B12} = {1696442B-24A5-4D7C-9098-28D53DC9A1F0}
	EndGlobalSection
EndGlobal
